# This file is automatically @generated by Cargo.
# It is not intended for manual editing.
version = 4

[[package]]
name = "xabe-cache"
version = "0.1.0"

[[package]]
name = "xabe-cuda"
version = "0.1.0"

[[package]]
name = "xabe-engine"
version = "0.1.0"

[[package]]
name = "xabe-gguf"
version = "0.1.0"

[[package]]
name = "xabe-kernels"
version = "0.1.0"

[[package]]
name = "xabe-model"
version = "0.1.0"

[[package]]
name = "xabe-sched"
version = "0.1.0"

[[package]]
name = "xabe-server"
version = "0.1.0"
